
Microsoft Visual Studio Solution File, Format Version 12.00
# Visual Studio 15
VisualStudioVersion = 15.0.28307.1062
MinimumVisualStudioVersion = 10.0.40219.1
Project("{9092AA53-FB77-4645-B42D-1CCCA6BD08BD}") = "Main", "Main\Main.njsproj", "{B924DE83-9EC1-4254-B290-9AF60588C652}"
Project("{A092AA53-FB77-4645-B42D-1CCCA6BD08BD}") = "Renderer", "Renderer\Renderer.njsproj", "{C924DE83-9EC1-4254-B290-9AF60588C652}"

EndProject
Global
	GlobalSection(SolutionConfigurationPlatforms) = preSolution
		Debug|Any CPU = Debug|Any CPU
		Release|Any CPU = Release|Any CPU
	EndGlobalSection
	GlobalSection(ProjectConfigurationPlatforms) = postSolution
		{B924DE83-9EC1-4254-B290-9AF60588C652}.Debug|Any CPU.ActiveCfg = Debug|Any CPU
		{B924DE83-9EC1-4254-B290-9AF60588C652}.Debug|Any CPU.Build.0 = Debug|Any CPU
		{B924DE83-9EC1-4254-B290-9AF60588C652}.Release|Any CPU.ActiveCfg = Release|Any CPU
		{B924DE83-9EC1-4254-B290-9AF60588C652}.Release|Any CPU.Build.0 = Release|Any CPU
		{C924DE83-9EC1-4254-B290-9AF60588C652}.Debug|Any CPU.ActiveCfg = Debug|Any CPU
		{C924DE83-9EC1-4254-B290-9AF60588C652}.Debug|Any CPU.Build.0 = Debug|Any CPU
		{C924DE83-9EC1-4254-B290-9AF60588C652}.Release|Any CPU.ActiveCfg = Release|Any CPU
		{C924DE83-9EC1-4254-B290-9AF60588C652}.Release|Any CPU.Build.0 = Release|Any CPU
	EndGlobalSection
	GlobalSection(SolutionProperties) = preSolution
		HideSolutionNode = FALSE
	EndGlobalSection
	GlobalSection(ExtensibilityGlobals) = postSolution
		SolutionGuid = {DA113C46-FC58-473E-82D3-02D6D31196A9}
	EndGlobalSection
EndGlobal
